// !$*UTF8*$!
{
	archiveVersion = 1;
	classes = {
	};
	objectVersion = 55;
	objects = {

/* Begin PBXBuildFile section */
		175585B12821B20600CDE7BD /* AppDelegate.swift in Sources */ = {isa = PBXBuildFile; fileRef = 175585B02821B20600CDE7BD /* AppDelegate.swift */; };
		175585B32821B20600CDE7BD /* SceneDelegate.swift in Sources */ = {isa = PBXBuildFile; fileRef = 175585B22821B20600CDE7BD /* SceneDelegate.swift */; };
		175585B52821B20600CDE7BD /* ViewController.swift in Sources */ = {isa = PBXBuildFile; fileRef = 175585B42821B20600CDE7BD /* ViewController.swift */; };
		175585B82821B20600CDE7BD /* Main.storyboard in Resources */ = {isa = PBXBuildFile; fileRef = 175585B62821B20600CDE7BD /* Main.storyboard */; };
		175585BA2821B20700CDE7BD /* Assets.xcassets in Resources */ = {isa = PBXBuildFile; fileRef = 175585B92821B20700CDE7BD /* Assets.xcassets */; };
		175585BD2821B20700CDE7BD /* LaunchScreen.storyboard in Resources */ = {isa = PBXBuildFile; fileRef = 175585BB2821B20700CDE7BD /* LaunchScreen.storyboard */; };
		175585C82821B20800CDE7BD /* CryptoWalletExampleTests.swift in Sources */ = {isa = PBXBuildFile; fileRef = 175585C72821B20800CDE7BD /* CryptoWalletExampleTests.swift */; };
		175585D22821B20800CDE7BD /* CryptoWalletExampleUITests.swift in Sources */ = {isa = PBXBuildFile; fileRef = 175585D12821B20800CDE7BD /* CryptoWalletExampleUITests.swift */; };
		175585D42821B20800CDE7BD /* CryptoWalletExampleUITestsLaunchTests.swift in Sources */ = {isa = PBXBuildFile; fileRef = 175585D32821B20800CDE7BD /* CryptoWalletExampleUITestsLaunchTests.swift */; };
		175585E22821B3B600CDE7BD /* SwiftProtobuf in Frameworks */ = {isa = PBXBuildFile; productRef = 175585E12821B3B600CDE7BD /* SwiftProtobuf */; };
		175585E42821B3B600CDE7BD /* WalletCore in Frameworks */ = {isa = PBXBuildFile; productRef = 175585E32821B3B600CDE7BD /* WalletCore */; };
/* End PBXBuildFile section */

/* Begin PBXContainerItemProxy section */
		175585C42821B20800CDE7BD /* PBXContainerItemProxy */ = {
			isa = PBXContainerItemProxy;
			containerPortal = 175585A52821B20600CDE7BD /* Project object */;
			proxyType = 1;
			remoteGlobalIDString = 175585AC2821B20600CDE7BD;
			remoteInfo = CryptoWalletExample;
		};
		175585CE2821B20800CDE7BD /* PBXContainerItemProxy */ = {
			isa = PBXContainerItemProxy;
			containerPortal = 175585A52821B20600CDE7BD /* Project object */;
			proxyType = 1;
			remoteGlobalIDString = 175585AC2821B20600CDE7BD;
			remoteInfo = CryptoWalletExample;
		};
/* End PBXContainerItemProxy section */

/* Begin PBXFileReference section */
		175585AD2821B20600CDE7BD /* CryptoWalletExample.app */ = {isa = PBXFileReference; explicitFileType = wrapper.application; includeInIndex = 0; path = CryptoWalletExample.app; sourceTree = BUILT_PRODUCTS_DIR; };
		175585B02821B20600CDE7BD /* AppDelegate.swift */ = {isa = PBXFileReference; lastKnownFileType = sourcecode.swift; path = AppDelegate.swift; sourceTree = "<group>"; };
		175585B22821B20600CDE7BD /* SceneDelegate.swift */ = {isa = PBXFileReference; lastKnownFileType = sourcecode.swift; path = SceneDelegate.swift; sourceTree = "<group>"; };
		175585B42821B20600CDE7BD /* ViewController.swift */ = {isa = PBXFileReference; lastKnownFileType = sourcecode.swift; path = ViewController.swift; sourceTree = "<group>"; };
		175585B72821B20600CDE7BD /* Base */ = {isa = PBXFileReference; lastKnownFileType = file.storyboard; name = Base; path = Base.lproj/Main.storyboard; sourceTree = "<group>"; };
		175585B92821B20700CDE7BD /* Assets.xcassets */ = {isa = PBXFileReference; lastKnownFileType = folder.assetcatalog; path = Assets.xcassets; sourceTree = "<group>"; };
		175585BC2821B20700CDE7BD /* Base */ = {isa = PBXFileReference; lastKnownFileType = file.storyboard; name = Base; path = Base.lproj/LaunchScreen.storyboard; sourceTree = "<group>"; };
		175585BE2821B20700CDE7BD /* Info.plist */ = {isa = PBXFileReference; lastKnownFileType = text.plist.xml; path = Info.plist; sourceTree = "<group>"; };
		175585C32821B20800CDE7BD /* CryptoWalletExampleTests.xctest */ = {isa = PBXFileReference; explicitFileType = wrapper.cfbundle; includeInIndex = 0; path = CryptoWalletExampleTests.xctest; sourceTree = BUILT_PRODUCTS_DIR; };
		175585C72821B20800CDE7BD /* CryptoWalletExampleTests.swift */ = {isa = PBXFileReference; lastKnownFileType = sourcecode.swift; path = CryptoWalletExampleTests.swift; sourceTree = "<group>"; };
		175585CD2821B20800CDE7BD /* CryptoWalletExampleUITests.xctest */ = {isa = PBXFileReference; explicitFileType = wrapper.cfbundle; includeInIndex = 0; path = CryptoWalletExampleUITests.xctest; sourceTree = BUILT_PRODUCTS_DIR; };
		175585D12821B20800CDE7BD /* CryptoWalletExampleUITests.swift */ = {isa = PBXFileReference; lastKnownFileType = sourcecode.swift; path = CryptoWalletExampleUITests.swift; sourceTree = "<group>"; };
		175585D32821B20800CDE7BD /* CryptoWalletExampleUITestsLaunchTests.swift */ = {isa = PBXFileReference; lastKnownFileType = sourcecode.swift; path = CryptoWalletExampleUITestsLaunchTests.swift; sourceTree = "<group>"; };
/* End PBXFileReference section */

/* Begin PBXFrameworksBuildPhase section */
		175585AA2821B20600CDE7BD /* Frameworks */ = {
			isa = PBXFrameworksBuildPhase;
			buildActionMask = 2147483647;
			files = (
				175585E42821B3B600CDE7BD /* WalletCore in Frameworks */,
				175585E22821B3B600CDE7BD /* SwiftProtobuf in Frameworks */,
			);
			runOnlyForDeploymentPostprocessing = 0;
		};
		175585C02821B20800CDE7BD /* Frameworks */ = {
			isa = PBXFrameworksBuildPhase;
			buildActionMask = 2147483647;
			files = (
			);
			runOnlyForDeploymentPostprocessing = 0;
		};
		175585CA2821B20800CDE7BD /* Frameworks */ = {
			isa = PBXFrameworksBuildPhase;
			buildActionMask = 2147483647;
			files = (
			);
			runOnlyForDeploymentPostprocessing = 0;
		};
/* End PBXFrameworksBuildPhase section */

/* Begin PBXGroup section */
		175585A42821B20600CDE7BD = {
			isa = PBXGroup;
			children = (
				175585AF2821B20600CDE7BD /* CryptoWalletExample */,
				175585C62821B20800CDE7BD /* CryptoWalletExampleTests */,
				175585D02821B20800CDE7BD /* CryptoWalletExampleUITests */,
				175585AE2821B20600CDE7BD /* Products */,
			);
			sourceTree = "<group>";
		};
		175585AE2821B20600CDE7BD /* Products */ = {
			isa = PBXGroup;
			children = (
				175585AD2821B20600CDE7BD /* CryptoWalletExample.app */,
				175585C32821B20800CDE7BD /* CryptoWalletExampleTests.xctest */,
				175585CD2821B20800CDE7BD /* CryptoWalletExampleUITests.xctest */,
			);
			name = Products;
			sourceTree = "<group>";
		};
		175585AF2821B20600CDE7BD /* CryptoWalletExample */ = {
			isa = PBXGroup;
			children = (
				175585E52821B50B00CDE7BD /* Application */,
				175585E62821B51000CDE7BD /* Data */,
				175585E72821B51600CDE7BD /* Domain */,
				175585B62821B20600CDE7BD /* Main.storyboard */,
				175585E82821B51C00CDE7BD /* Presentation */,
				175585E92821B52300CDE7BD /* Resources */,
				175585B42821B20600CDE7BD /* ViewController.swift */,
			);
			path = CryptoWalletExample;
			sourceTree = "<group>";
		};
		175585C62821B20800CDE7BD /* CryptoWalletExampleTests */ = {
			isa = PBXGroup;
			children = (
				175585C72821B20800CDE7BD /* CryptoWalletExampleTests.swift */,
			);
			path = CryptoWalletExampleTests;
			sourceTree = "<group>";
		};
		175585D02821B20800CDE7BD /* CryptoWalletExampleUITests */ = {
			isa = PBXGroup;
			children = (
				175585D12821B20800CDE7BD /* CryptoWalletExampleUITests.swift */,
				175585D32821B20800CDE7BD /* CryptoWalletExampleUITestsLaunchTests.swift */,
			);
			path = CryptoWalletExampleUITests;
			sourceTree = "<group>";
		};
		175585E52821B50B00CDE7BD /* Application */ = {
			isa = PBXGroup;
			children = (
				175585B02821B20600CDE7BD /* AppDelegate.swift */,
				175585B22821B20600CDE7BD /* SceneDelegate.swift */,
			);
			path = Application;
			sourceTree = "<group>";
		};
		175585E62821B51000CDE7BD /* Data */ = {
			isa = PBXGroup;
			children = (
			);
			path = Data;
			sourceTree = "<group>";
		};
		175585E72821B51600CDE7BD /* Domain */ = {
			isa = PBXGroup;
			children = (
			);
			path = Domain;
			sourceTree = "<group>";
		};
		175585E82821B51C00CDE7BD /* Presentation */ = {
			isa = PBXGroup;
			children = (
			);
			path = Presentation;
			sourceTree = "<group>";
		};
		175585E92821B52300CDE7BD /* Resources */ = {
			isa = PBXGroup;
			children = (
				175585B92821B20700CDE7BD /* Assets.xcassets */,
				175585BB2821B20700CDE7BD /* LaunchScreen.storyboard */,
				175585BE2821B20700CDE7BD /* Info.plist */,
			);
			path = Resources;
			sourceTree = "<group>";
		};
/* End PBXGroup section */

/* Begin PBXNativeTarget section */
		175585AC2821B20600CDE7BD /* CryptoWalletExample */ = {
			isa = PBXNativeTarget;
			buildConfigurationList = 175585D72821B20800CDE7BD /* Build configuration list for PBXNativeTarget "CryptoWalletExample" */;
			buildPhases = (
				175585A92821B20600CDE7BD /* Sources */,
				175585AA2821B20600CDE7BD /* Frameworks */,
				175585AB2821B20600CDE7BD /* Resources */,
			);
			buildRules = (
			);
			dependencies = (
			);
			name = CryptoWalletExample;
			packageProductDependencies = (
				175585E12821B3B600CDE7BD /* SwiftProtobuf */,
				175585E32821B3B600CDE7BD /* WalletCore */,
			);
			productName = CryptoWalletExample;
			productReference = 175585AD2821B20600CDE7BD /* CryptoWalletExample.app */;
			productType = "com.apple.product-type.application";
		};
		175585C22821B20800CDE7BD /* CryptoWalletExampleTests */ = {
			isa = PBXNativeTarget;
			buildConfigurationList = 175585DA2821B20800CDE7BD /* Build configuration list for PBXNativeTarget "CryptoWalletExampleTests" */;
			buildPhases = (
				175585BF2821B20800CDE7BD /* Sources */,
				175585C02821B20800CDE7BD /* Frameworks */,
				175585C12821B20800CDE7BD /* Resources */,
			);
			buildRules = (
			);
			dependencies = (
				175585C52821B20800CDE7BD /* PBXTargetDependency */,
			);
			name = CryptoWalletExampleTests;
			productName = CryptoWalletExampleTests;
			productReference = 175585C32821B20800CDE7BD /* CryptoWalletExampleTests.xctest */;
			productType = "com.apple.product-type.bundle.unit-test";
		};
		175585CC2821B20800CDE7BD /* CryptoWalletExampleUITests */ = {
			isa = PBXNativeTarget;
			buildConfigurationList = 175585DD2821B20800CDE7BD /* Build configuration list for PBXNativeTarget "CryptoWalletExampleUITests" */;
			buildPhases = (
				175585C92821B20800CDE7BD /* Sources */,
				175585CA2821B20800CDE7BD /* Frameworks */,
				175585CB2821B20800CDE7BD /* Resources */,
			);
			buildRules = (
			);
			dependencies = (
				175585CF2821B20800CDE7BD /* PBXTargetDependency */,
			);
			name = CryptoWalletExampleUITests;
			productName = CryptoWalletExampleUITests;
			productReference = 175585CD2821B20800CDE7BD /* CryptoWalletExampleUITests.xctest */;
			productType = "com.apple.product-type.bundle.ui-testing";
		};
/* End PBXNativeTarget section */

/* Begin PBXProject section */
		175585A52821B20600CDE7BD /* Project object */ = {
			isa = PBXProject;
			attributes = {
				BuildIndependentTargetsInParallel = 1;
				LastSwiftUpdateCheck = 1320;
				LastUpgradeCheck = 1320;
				TargetAttributes = {
					175585AC2821B20600CDE7BD = {
						CreatedOnToolsVersion = 13.2.1;
					};
					175585C22821B20800CDE7BD = {
						CreatedOnToolsVersion = 13.2.1;
						TestTargetID = 175585AC2821B20600CDE7BD;
					};
					175585CC2821B20800CDE7BD = {
						CreatedOnToolsVersion = 13.2.1;
						TestTargetID = 175585AC2821B20600CDE7BD;
					};
				};
			};
			buildConfigurationList = 175585A82821B20600CDE7BD /* Build configuration list for PBXProject "CryptoWalletExample" */;
			compatibilityVersion = "Xcode 13.0";
			developmentRegion = en;
			hasScannedForEncodings = 0;
			knownRegions = (
				en,
				Base,
			);
			mainGroup = 175585A42821B20600CDE7BD;
			packageReferences = (
				175585E02821B3B600CDE7BD /* XCRemoteSwiftPackageReference "wallet-core" */,
			);
			productRefGroup = 175585AE2821B20600CDE7BD /* Products */;
			projectDirPath = "";
			projectRoot = "";
			targets = (
				175585AC2821B20600CDE7BD /* CryptoWalletExample */,
				175585C22821B20800CDE7BD /* CryptoWalletExampleTests */,
				175585CC2821B20800CDE7BD /* CryptoWalletExampleUITests */,
			);
		};
/* End PBXProject section */

/* Begin PBXResourcesBuildPhase section */
		175585AB2821B20600CDE7BD /* Resources */ = {
			isa = PBXResourcesBuildPhase;
			buildActionMask = 2147483647;
			files = (
				175585BD2821B20700CDE7BD /* LaunchScreen.storyboard in Resources */,
				175585BA2821B20700CDE7BD /* Assets.xcassets in Resources */,
				175585B82821B20600CDE7BD /* Main.storyboard in Resources */,
			);
			runOnlyForDeploymentPostprocessing = 0;
		};
		175585C12821B20800CDE7BD /* Resources */ = {
			isa = PBXResourcesBuildPhase;
			buildActionMask = 2147483647;
			files = (
			);
			runOnlyForDeploymentPostprocessing = 0;
		};
		175585CB2821B20800CDE7BD /* Resources */ = {
			isa = PBXResourcesBuildPhase;
			buildActionMask = 2147483647;
			files = (
			);
			runOnlyForDeploymentPostprocessing = 0;
		};
/* End PBXResourcesBuildPhase section */

/* Begin PBXSourcesBuildPhase section */
		175585A92821B20600CDE7BD /* Sources */ = {
			isa = PBXSourcesBuildPhase;
			buildActionMask = 2147483647;
			files = (
				175585B52821B20600CDE7BD /* ViewController.swift in Sources */,
				175585B12821B20600CDE7BD /* AppDelegate.swift in Sources */,
				175585B32821B20600CDE7BD /* SceneDelegate.swift in Sources */,
			);
			runOnlyForDeploymentPostprocessing = 0;
		};
		175585BF2821B20800CDE7BD /* Sources */ = {
			isa = PBXSourcesBuildPhase;
			buildActionMask = 2147483647;
			files = (
				175585C82821B20800CDE7BD /* CryptoWalletExampleTests.swift in Sources */,
			);
			runOnlyForDeploymentPostprocessing = 0;
		};
		175585C92821B20800CDE7BD /* Sources */ = {
			isa = PBXSourcesBuildPhase;
			buildActionMask = 2147483647;
			files = (
				175585D22821B20800CDE7BD /* CryptoWalletExampleUITests.swift in Sources */,
				175585D42821B20800CDE7BD /* CryptoWalletExampleUITestsLaunchTests.swift in Sources */,
			);
			runOnlyForDeploymentPostprocessing = 0;
		};
/* End PBXSourcesBuildPhase section */

/* Begin PBXTargetDependency section */
		175585C52821B20800CDE7BD /* PBXTargetDependency */ = {
			isa = PBXTargetDependency;
			target = 175585AC2821B20600CDE7BD /* CryptoWalletExample */;
			targetProxy = 175585C42821B20800CDE7BD /* PBXContainerItemProxy */;
		};
		175585CF2821B20800CDE7BD /* PBXTargetDependency */ = {
			isa = PBXTargetDependency;
			target = 175585AC2821B20600CDE7BD /* CryptoWalletExample */;
			targetProxy = 175585CE2821B20800CDE7BD /* PBXContainerItemProxy */;
		};
/* End PBXTargetDependency section */

/* Begin PBXVariantGroup section */
		175585B62821B20600CDE7BD /* Main.storyboard */ = {
			isa = PBXVariantGroup;
			children = (
				175585B72821B20600CDE7BD /* Base */,
			);
			name = Main.storyboard;
			sourceTree = "<group>";
		};
		175585BB2821B20700CDE7BD /* LaunchScreen.storyboard */ = {
			isa = PBXVariantGroup;
			children = (
				175585BC2821B20700CDE7BD /* Base */,
			);
			name = LaunchScreen.storyboard;
			sourceTree = "<group>";
		};
/* End PBXVariantGroup section */

/* Begin XCBuildConfiguration section */
		175585D52821B20800CDE7BD /* Debug */ = {
			isa = XCBuildConfiguration;
			buildSettings = {
				ALWAYS_SEARCH_USER_PATHS = NO;
				CLANG_ANALYZER_NONNULL = YES;
				CLANG_ANALYZER_NUMBER_OBJECT_CONVERSION = YES_AGGRESSIVE;
				CLANG_CXX_LANGUAGE_STANDARD = "gnu++17";
				CLANG_CXX_LIBRARY = "libc++";
				CLANG_ENABLE_MODULES = YES;
				CLANG_ENABLE_OBJC_ARC = YES;
				CLANG_ENABLE_OBJC_WEAK = YES;
				CLANG_WARN_BLOCK_CAPTURE_AUTORELEASING = YES;
				CLANG_WARN_BOOL_CONVERSION = YES;
				CLANG_WARN_COMMA = YES;
				CLANG_WARN_CONSTANT_CONVERSION = YES;
				CLANG_WARN_DEPRECATED_OBJC_IMPLEMENTATIONS = YES;
				CLANG_WARN_DIRECT_OBJC_ISA_USAGE = YES_ERROR;
				CLANG_WARN_DOCUMENTATION_COMMENTS = YES;
				CLANG_WARN_EMPTY_BODY = YES;
				CLANG_WARN_ENUM_CONVERSION = YES;
				CLANG_WARN_INFINITE_RECURSION = YES;
				CLANG_WARN_INT_CONVERSION = YES;
				CLANG_WARN_NON_LITERAL_NULL_CONVERSION = YES;
				CLANG_WARN_OBJC_IMPLICIT_RETAIN_SELF = YES;
				CLANG_WARN_OBJC_LITERAL_CONVERSION = YES;
				CLANG_WARN_OBJC_ROOT_CLASS = YES_ERROR;
				CLANG_WARN_QUOTED_INCLUDE_IN_FRAMEWORK_HEADER = YES;
				CLANG_WARN_RANGE_LOOP_ANALYSIS = YES;
				CLANG_WARN_STRICT_PROTOTYPES = YES;
				CLANG_WARN_SUSPICIOUS_MOVE = YES;
				CLANG_WARN_UNGUARDED_AVAILABILITY = YES_AGGRESSIVE;
				CLANG_WARN_UNREACHABLE_CODE = YES;
				CLANG_WARN__DUPLICATE_METHOD_MATCH = YES;
				COPY_PHASE_STRIP = NO;
				DEBUG_INFORMATION_FORMAT = dwarf;
				ENABLE_STRICT_OBJC_MSGSEND = YES;
				ENABLE_TESTABILITY = YES;
				GCC_C_LANGUAGE_STANDARD = gnu11;
				GCC_DYNAMIC_NO_PIC = NO;
				GCC_NO_COMMON_BLOCKS = YES;
				GCC_OPTIMIZATION_LEVEL = 0;
				GCC_PREPROCESSOR_DEFINITIONS = (
					"DEBUG=1",
					"$(inherited)",
				);
				GCC_WARN_64_TO_32_BIT_CONVERSION = YES;
				GCC_WARN_ABOUT_RETURN_TYPE = YES_ERROR;
				GCC_WARN_UNDECLARED_SELECTOR = YES;
				GCC_WARN_UNINITIALIZED_AUTOS = YES_AGGRESSIVE;
				GCC_WARN_UNUSED_FUNCTION = YES;
				GCC_WARN_UNUSED_VARIABLE = YES;
				IPHONEOS_DEPLOYMENT_TARGET = 15.2;
				MTL_ENABLE_DEBUG_INFO = INCLUDE_SOURCE;
				MTL_FAST_MATH = YES;
				ONLY_ACTIVE_ARCH = YES;
				SDKROOT = iphoneos;
				SWIFT_ACTIVE_COMPILATION_CONDITIONS = DEBUG;
				SWIFT_OPTIMIZATION_LEVEL = "-Onone";
			};
			name = Debug;
		};
		175585D62821B20800CDE7BD /* Release */ = {
			isa = XCBuildConfiguration;
			buildSettings = {
				ALWAYS_SEARCH_USER_PATHS = NO;
				CLANG_ANALYZER_NONNULL = YES;
				CLANG_ANALYZER_NUMBER_OBJECT_CONVERSION = YES_AGGRESSIVE;
				CLANG_CXX_LANGUAGE_STANDARD = "gnu++17";
				CLANG_CXX_LIBRARY = "libc++";
				CLANG_ENABLE_MODULES = YES;
				CLANG_ENABLE_OBJC_ARC = YES;
				CLANG_ENABLE_OBJC_WEAK = YES;
				CLANG_WARN_BLOCK_CAPTURE_AUTORELEASING = YES;
				CLANG_WARN_BOOL_CONVERSION = YES;
				CLANG_WARN_COMMA = YES;
				CLANG_WARN_CONSTANT_CONVERSION = YES;
				CLANG_WARN_DEPRECATED_OBJC_IMPLEMENTATIONS = YES;
				CLANG_WARN_DIRECT_OBJC_ISA_USAGE = YES_ERROR;
				CLANG_WARN_DOCUMENTATION_COMMENTS = YES;
				CLANG_WARN_EMPTY_BODY = YES;
				CLANG_WARN_ENUM_CONVERSION = YES;
				CLANG_WARN_INFINITE_RECURSION = YES;
				CLANG_WARN_INT_CONVERSION = YES;
				CLANG_WARN_NON_LITERAL_NULL_CONVERSION = YES;
				CLANG_WARN_OBJC_IMPLICIT_RETAIN_SELF = YES;
				CLANG_WARN_OBJC_LITERAL_CONVERSION = YES;
				CLANG_WARN_OBJC_ROOT_CLASS = YES_ERROR;
				CLANG_WARN_QUOTED_INCLUDE_IN_FRAMEWORK_HEADER = YES;
				CLANG_WARN_RANGE_LOOP_ANALYSIS = YES;
				CLANG_WARN_STRICT_PROTOTYPES = YES;
				CLANG_WARN_SUSPICIOUS_MOVE = YES;
				CLANG_WARN_UNGUARDED_AVAILABILITY = YES_AGGRESSIVE;
				CLANG_WARN_UNREACHABLE_CODE = YES;
				CLANG_WARN__DUPLICATE_METHOD_MATCH = YES;
				COPY_PHASE_STRIP = NO;
				DEBUG_INFORMATION_FORMAT = "dwarf-with-dsym";
				ENABLE_NS_ASSERTIONS = NO;
				ENABLE_STRICT_OBJC_MSGSEND = YES;
				GCC_C_LANGUAGE_STANDARD = gnu11;
				GCC_NO_COMMON_BLOCKS = YES;
				GCC_WARN_64_TO_32_BIT_CONVERSION = YES;
				GCC_WARN_ABOUT_RETURN_TYPE = YES_ERROR;
				GCC_WARN_UNDECLARED_SELECTOR = YES;
				GCC_WARN_UNINITIALIZED_AUTOS = YES_AGGRESSIVE;
				GCC_WARN_UNUSED_FUNCTION = YES;
				GCC_WARN_UNUSED_VARIABLE = YES;
				IPHONEOS_DEPLOYMENT_TARGET = 15.2;
				MTL_ENABLE_DEBUG_INFO = NO;
				MTL_FAST_MATH = YES;
				SDKROOT = iphoneos;
				SWIFT_COMPILATION_MODE = wholemodule;
				SWIFT_OPTIMIZATION_LEVEL = "-O";
				VALIDATE_PRODUCT = YES;
			};
			name = Release;
		};
		175585D82821B20800CDE7BD /* Debug */ = {
			isa = XCBuildConfiguration;
			buildSettings = {
				ASSETCATALOG_COMPILER_APPICON_NAME = AppIcon;
				ASSETCATALOG_COMPILER_GLOBAL_ACCENT_COLOR_NAME = AccentColor;
				CODE_SIGN_STYLE = Automatic;
				CURRENT_PROJECT_VERSION = 1;
				GENERATE_INFOPLIST_FILE = YES;
				INFOPLIST_FILE = CryptoWalletExample/Resources/Info.plist;
				INFOPLIST_KEY_UIApplicationSupportsIndirectInputEvents = YES;
				INFOPLIST_KEY_UILaunchStoryboardName = LaunchScreen;
				INFOPLIST_KEY_UIMainStoryboardFile = Main;
				INFOPLIST_KEY_UISupportedInterfaceOrientations_iPad = "UIInterfaceOrientationPortrait UIInterfaceOrientationPortraitUpsideDown UIInterfaceOrientationLandscapeLeft UIInterfaceOrientationLandscapeRight";
				INFOPLIST_KEY_UISupportedInterfaceOrientations_iPhone = "UIInterfaceOrientationPortrait UIInterfaceOrientationLandscapeLeft UIInterfaceOrientationLandscapeRight";
				LD_RUNPATH_SEARCH_PATHS = (
					"$(inherited)",
					"@executable_path/Frameworks",
				);
				MARKETING_VERSION = 1.0;
				PRODUCT_BUNDLE_IDENTIFIER = com.manelroca.wallet.CryptoWalletExample;
				PRODUCT_NAME = "$(TARGET_NAME)";
				SWIFT_EMIT_LOC_STRINGS = YES;
				SWIFT_VERSION = 5.0;
				TARGETED_DEVICE_FAMILY = "1,2";
			};
			name = Debug;
		};
		175585D92821B20800CDE7BD /* Release */ = {
			isa = XCBuildConfiguration;
			buildSettings = {
				ASSETCATALOG_COMPILER_APPICON_NAME = AppIcon;
				ASSETCATALOG_COMPILER_GLOBAL_ACCENT_COLOR_NAME = AccentColor;
				CODE_SIGN_STYLE = Automatic;
				CURRENT_PROJECT_VERSION = 1;
				GENERATE_INFOPLIST_FILE = YES;
				INFOPLIST_FILE = CryptoWalletExample/Resources/Info.plist;
				INFOPLIST_KEY_UIApplicationSupportsIndirectInputEvents = YES;
				INFOPLIST_KEY_UILaunchStoryboardName = LaunchScreen;
				INFOPLIST_KEY_UIMainStoryboardFile = Main;
				INFOPLIST_KEY_UISupportedInterfaceOrientations_iPad = "UIInterfaceOrientationPortrait UIInterfaceOrientationPortraitUpsideDown UIInterfaceOrientationLandscapeLeft UIInterfaceOrientationLandscapeRight";
				INFOPLIST_KEY_UISupportedInterfaceOrientations_iPhone = "UIInterfaceOrientationPortrait UIInterfaceOrientationLandscapeLeft UIInterfaceOrientationLandscapeRight";
				LD_RUNPATH_SEARCH_PATHS = (
					"$(inherited)",
					"@executable_path/Frameworks",
				);
				MARKETING_VERSION = 1.0;
				PRODUCT_BUNDLE_IDENTIFIER = com.manelroca.wallet.CryptoWalletExample;
				PRODUCT_NAME = "$(TARGET_NAME)";
				SWIFT_EMIT_LOC_STRINGS = YES;
				SWIFT_VERSION = 5.0;
				TARGETED_DEVICE_FAMILY = "1,2";
			};
			name = Release;
		};
		175585DB2821B20800CDE7BD /* Debug */ = {
			isa = XCBuildConfiguration;
			buildSettings = {
				ALWAYS_EMBED_SWIFT_STANDARD_LIBRARIES = YES;
				BUNDLE_LOADER = "$(TEST_HOST)";
				CODE_SIGN_STYLE = Automatic;
				CURRENT_PROJECT_VERSION = 1;
				GENERATE_INFOPLIST_FILE = YES;
				IPHONEOS_DEPLOYMENT_TARGET = 15.2;
				MARKETING_VERSION = 1.0;
				PRODUCT_BUNDLE_IDENTIFIER = com.manelroca.wallet.CryptoWalletExampleTests;
				PRODUCT_NAME = "$(TARGET_NAME)";
				SWIFT_EMIT_LOC_STRINGS = NO;
				SWIFT_VERSION = 5.0;
				TARGETED_DEVICE_FAMILY = "1,2";
				TEST_HOST = "$(BUILT_PRODUCTS_DIR)/CryptoWalletExample.app/CryptoWalletExample";
			};
			name = Debug;
		};
		175585DC2821B20800CDE7BD /* Release */ = {
			isa = XCBuildConfiguration;
			buildSettings = {
				ALWAYS_EMBED_SWIFT_STANDARD_LIBRARIES = YES;
				BUNDLE_LOADER = "$(TEST_HOST)";
				CODE_SIGN_STYLE = Automatic;
				CURRENT_PROJECT_VERSION = 1;
				GENERATE_INFOPLIST_FILE = YES;
				IPHONEOS_DEPLOYMENT_TARGET = 15.2;
				MARKETING_VERSION = 1.0;
				PRODUCT_BUNDLE_IDENTIFIER = com.manelroca.wallet.CryptoWalletExampleTests;
				PRODUCT_NAME = "$(TARGET_NAME)";
				SWIFT_EMIT_LOC_STRINGS = NO;
				SWIFT_VERSION = 5.0;
				TARGETED_DEVICE_FAMILY = "1,2";
				TEST_HOST = "$(BUILT_PRODUCTS_DIR)/CryptoWalletExample.app/CryptoWalletExample";
			};
			name = Release;
		};
		175585DE2821B20800CDE7BD /* Debug */ = {
			isa = XCBuildConfiguration;
			buildSettings = {
				ALWAYS_EMBED_SWIFT_STANDARD_LIBRARIES = YES;
				CODE_SIGN_STYLE = Automatic;
				CURRENT_PROJECT_VERSION = 1;
				GENERATE_INFOPLIST_FILE = YES;
				MARKETING_VERSION = 1.0;
				PRODUCT_BUNDLE_IDENTIFIER = com.manelroca.wallet.CryptoWalletExampleUITests;
				PRODUCT_NAME = "$(TARGET_NAME)";
				SWIFT_EMIT_LOC_STRINGS = NO;
				SWIFT_VERSION = 5.0;
				TARGETED_DEVICE_FAMILY = "1,2";
				TEST_TARGET_NAME = CryptoWalletExample;
			};
			name = Debug;
		};
		175585DF2821B20800CDE7BD /* Release */ = {
			isa = XCBuildConfiguration;
			buildSettings = {
				ALWAYS_EMBED_SWIFT_STANDARD_LIBRARIES = YES;
				CODE_SIGN_STYLE = Automatic;
				CURRENT_PROJECT_VERSION = 1;
				GENERATE_INFOPLIST_FILE = YES;
				MARKETING_VERSION = 1.0;
				PRODUCT_BUNDLE_IDENTIFIER = com.manelroca.wallet.CryptoWalletExampleUITests;
				PRODUCT_NAME = "$(TARGET_NAME)";
				SWIFT_EMIT_LOC_STRINGS = NO;
				SWIFT_VERSION = 5.0;
				TARGETED_DEVICE_FAMILY = "1,2";
				TEST_TARGET_NAME = CryptoWalletExample;
			};
			name = Release;
		};
/* End XCBuildConfiguration section */

/* Begin XCConfigurationList section */
		175585A82821B20600CDE7BD /* Build configuration list for PBXProject "CryptoWalletExample" */ = {
			isa = XCConfigurationList;
			buildConfigurations = (
				175585D52821B20800CDE7BD /* Debug */,
				175585D62821B20800CDE7BD /* Release */,
			);
			defaultConfigurationIsVisible = 0;
			defaultConfigurationName = Release;
		};
		175585D72821B20800CDE7BD /* Build configuration list for PBXNativeTarget "CryptoWalletExample" */ = {
			isa = XCConfigurationList;
			buildConfigurations = (
				175585D82821B20800CDE7BD /* Debug */,
				175585D92821B20800CDE7BD /* Release */,
			);
			defaultConfigurationIsVisible = 0;
			defaultConfigurationName = Release;
		};
		175585DA2821B20800CDE7BD /* Build configuration list for PBXNativeTarget "CryptoWalletExampleTests" */ = {
			isa = XCConfigurationList;
			buildConfigurations = (
				175585DB2821B20800CDE7BD /* Debug */,
				175585DC2821B20800CDE7BD /* Release */,
			);
			defaultConfigurationIsVisible = 0;
			defaultConfigurationName = Release;
		};
		175585DD2821B20800CDE7BD /* Build configuration list for PBXNativeTarget "CryptoWalletExampleUITests" */ = {
			isa = XCConfigurationList;
			buildConfigurations = (
				175585DE2821B20800CDE7BD /* Debug */,
				175585DF2821B20800CDE7BD /* Release */,
			);
			defaultConfigurationIsVisible = 0;
			defaultConfigurationName = Release;
		};
/* End XCConfigurationList section */

/* Begin XCRemoteSwiftPackageReference section */
		175585E02821B3B600CDE7BD /* XCRemoteSwiftPackageReference "wallet-core" */ = {
			isa = XCRemoteSwiftPackageReference;
			repositoryURL = "https://github.com/trustwallet/wallet-core";
			requirement = {
				branch = master;
				kind = branch;
			};
		};
/* End XCRemoteSwiftPackageReference section */

/* Begin XCSwiftPackageProductDependency section */
		175585E12821B3B600CDE7BD /* SwiftProtobuf */ = {
			isa = XCSwiftPackageProductDependency;
			package = 175585E02821B3B600CDE7BD /* XCRemoteSwiftPackageReference "wallet-core" */;
			productName = SwiftProtobuf;
		};
		175585E32821B3B600CDE7BD /* WalletCore */ = {
			isa = XCSwiftPackageProductDependency;
			package = 175585E02821B3B600CDE7BD /* XCRemoteSwiftPackageReference "wallet-core" */;
			productName = WalletCore;
		};
/* End XCSwiftPackageProductDependency section */
	};
	rootObject = 175585A52821B20600CDE7BD /* Project object */;
}
