{
  "object": {
    "pins": [
      {
        "package": "WalletCore",
        "repositoryURL": "https://github.com/trustwallet/wallet-core",
        "state": {
          "branch": "master",
          "revision": "3af2cb106c01fdd4a0cf4e4c034343cda0f02b1e",
          "version": null
        }
      }
    ]
  },
  "version": 1
}
